// !$*UTF8*$!
{
	archiveVersion = 1;
	classes = {
	};
	objectVersion = 46;
	objects = {

/* Begin PBXBuildFile section */
		2F04229A1D6ED2FA001EEE76 /* RNFieldConstraintsTests.swift in Sources */ = {isa = PBXBuildFile; fileRef = 2F0422991D6ED2FA001EEE76 /* RNFieldConstraintsTests.swift */; };
		2F3A4B6D1D6DA2C600337B34 /* RNConstraintRequired.swift in Sources */ = {isa = PBXBuildFile; fileRef = 2F3A4B6C1D6DA2C600337B34 /* RNConstraintRequired.swift */; };
		2F3A4B6E1D6DA2C600337B34 /* RNConstraintRequired.swift in Sources */ = {isa = PBXBuildFile; fileRef = 2F3A4B6C1D6DA2C600337B34 /* RNConstraintRequired.swift */; };
		2F7CF3051D6E789E000823CF /* RegexTests.swift in Sources */ = {isa = PBXBuildFile; fileRef = 2F7CF3041D6E789E000823CF /* RegexTests.swift */; };
		541EDF9D1D6F3B9F005EC311 /* RNConstraint.swift in Sources */ = {isa = PBXBuildFile; fileRef = 541EDF9C1D6F3B9F005EC311 /* RNConstraint.swift */; };
		541EDF9E1D6F3D85005EC311 /* RNConstraint.swift in Sources */ = {isa = PBXBuildFile; fileRef = 541EDF9C1D6F3B9F005EC311 /* RNConstraint.swift */; };
		541EDFA31D6F48AC005EC311 /* RNConstrainRange.swift in Sources */ = {isa = PBXBuildFile; fileRef = 541EDFA21D6F48AC005EC311 /* RNConstrainRange.swift */; };
		541EDFA41D6F48C4005EC311 /* RNConstrainRange.swift in Sources */ = {isa = PBXBuildFile; fileRef = 541EDFA21D6F48AC005EC311 /* RNConstrainRange.swift */; };
		54BCD8D51D6C309300640B5B /* RNMoVali.h in Headers */ = {isa = PBXBuildFile; fileRef = 54BCD8D41D6C309300640B5B /* RNMoVali.h */; settings = {ATTRIBUTES = (Public, ); }; };
		54BCD8DC1D6C309300640B5B /* RNMoVali.framework in Frameworks */ = {isa = PBXBuildFile; fileRef = 54BCD8D11D6C309300640B5B /* RNMoVali.framework */; };
		54BCD8E11D6C309300640B5B /* RNMoValiTests.swift in Sources */ = {isa = PBXBuildFile; fileRef = 54BCD8E01D6C309300640B5B /* RNMoValiTests.swift */; };
		54BCD90A1D6C31FD00640B5B /* RNValidator.swift in Sources */ = {isa = PBXBuildFile; fileRef = 54BCD9091D6C31FD00640B5B /* RNValidator.swift */; };
		54BCD90B1D6C31FD00640B5B /* RNValidator.swift in Sources */ = {isa = PBXBuildFile; fileRef = 54BCD9091D6C31FD00640B5B /* RNValidator.swift */; };
		54BCD90E1D6C3FE900640B5B /* RNConstraintLength.swift in Sources */ = {isa = PBXBuildFile; fileRef = 54BCD90D1D6C3FE900640B5B /* RNConstraintLength.swift */; };
		54BCD90F1D6C3FE900640B5B /* RNConstraintLength.swift in Sources */ = {isa = PBXBuildFile; fileRef = 54BCD90D1D6C3FE900640B5B /* RNConstraintLength.swift */; };
		54BCD9141D6C798700640B5B /* RNConstraintNumeric.swift in Sources */ = {isa = PBXBuildFile; fileRef = 54BCD9131D6C798700640B5B /* RNConstraintNumeric.swift */; };
		54BCD9151D6C798700640B5B /* RNConstraintNumeric.swift in Sources */ = {isa = PBXBuildFile; fileRef = 54BCD9131D6C798700640B5B /* RNConstraintNumeric.swift */; };
		54BCD9231D6C95FD00640B5B /* RNConstraintAlphabet.swift in Sources */ = {isa = PBXBuildFile; fileRef = 54BCD9221D6C95FD00640B5B /* RNConstraintAlphabet.swift */; };
		54F0CA291D6DE3D3001A5945 /* RNConstraintRegex.swift in Sources */ = {isa = PBXBuildFile; fileRef = 54F0CA281D6DE3D3001A5945 /* RNConstraintRegex.swift */; };
		54F0CA2A1D6DE3D3001A5945 /* RNConstraintRegex.swift in Sources */ = {isa = PBXBuildFile; fileRef = 54F0CA281D6DE3D3001A5945 /* RNConstraintRegex.swift */; };
		54F0CA2D1D6DE5B6001A5945 /* Regex.swift in Sources */ = {isa = PBXBuildFile; fileRef = 54F0CA2C1D6DE5B6001A5945 /* Regex.swift */; };
		54F0CA2E1D6DE5B6001A5945 /* Regex.swift in Sources */ = {isa = PBXBuildFile; fileRef = 54F0CA2C1D6DE5B6001A5945 /* Regex.swift */; };
		54F0CA311D6E05D2001A5945 /* RNConstraintLengthTests.swift in Sources */ = {isa = PBXBuildFile; fileRef = 54F0CA301D6E05D2001A5945 /* RNConstraintLengthTests.swift */; };
/* End PBXBuildFile section */

/* Begin PBXContainerItemProxy section */
		54BCD8DD1D6C309300640B5B /* PBXContainerItemProxy */ = {
			isa = PBXContainerItemProxy;
			containerPortal = 54BCD8C81D6C309300640B5B /* Project object */;
			proxyType = 1;
			remoteGlobalIDString = 54BCD8D01D6C309300640B5B;
			remoteInfo = RNMoVali;
		};
/* End PBXContainerItemProxy section */

/* Begin PBXFileReference section */
		2F0422991D6ED2FA001EEE76 /* RNFieldConstraintsTests.swift */ = {isa = PBXFileReference; fileEncoding = 4; lastKnownFileType = sourcecode.swift; path = RNFieldConstraintsTests.swift; sourceTree = "<group>"; };
		2F3A4B6C1D6DA2C600337B34 /* RNConstraintRequired.swift */ = {isa = PBXFileReference; fileEncoding = 4; lastKnownFileType = sourcecode.swift; path = RNConstraintRequired.swift; sourceTree = "<group>"; };
		2F7CF3041D6E789E000823CF /* RegexTests.swift */ = {isa = PBXFileReference; fileEncoding = 4; lastKnownFileType = sourcecode.swift; path = RegexTests.swift; sourceTree = "<group>"; };
		541EDF9C1D6F3B9F005EC311 /* RNConstraint.swift */ = {isa = PBXFileReference; fileEncoding = 4; lastKnownFileType = sourcecode.swift; path = RNConstraint.swift; sourceTree = "<group>"; };
		541EDFA21D6F48AC005EC311 /* RNConstrainRange.swift */ = {isa = PBXFileReference; fileEncoding = 4; lastKnownFileType = sourcecode.swift; path = RNConstrainRange.swift; sourceTree = "<group>"; };
		54AAC21A1D6F660500DB82BB /* RNMoVali.podspec */ = {isa = PBXFileReference; lastKnownFileType = text; path = RNMoVali.podspec; sourceTree = SOURCE_ROOT; };
		54BCD8D11D6C309300640B5B /* RNMoVali.framework */ = {isa = PBXFileReference; explicitFileType = wrapper.framework; includeInIndex = 0; path = RNMoVali.framework; sourceTree = BUILT_PRODUCTS_DIR; };
		54BCD8D41D6C309300640B5B /* RNMoVali.h */ = {isa = PBXFileReference; lastKnownFileType = sourcecode.c.h; path = RNMoVali.h; sourceTree = "<group>"; };
		54BCD8D61D6C309300640B5B /* Info.plist */ = {isa = PBXFileReference; lastKnownFileType = text.plist.xml; path = Info.plist; sourceTree = "<group>"; };
		54BCD8DB1D6C309300640B5B /* RNMoValiTests.xctest */ = {isa = PBXFileReference; explicitFileType = wrapper.cfbundle; includeInIndex = 0; path = RNMoValiTests.xctest; sourceTree = BUILT_PRODUCTS_DIR; };
		54BCD8E01D6C309300640B5B /* RNMoValiTests.swift */ = {isa = PBXFileReference; lastKnownFileType = sourcecode.swift; path = RNMoValiTests.swift; sourceTree = "<group>"; };
		54BCD8E21D6C309300640B5B /* Info.plist */ = {isa = PBXFileReference; lastKnownFileType = text.plist.xml; path = Info.plist; sourceTree = "<group>"; };
		54BCD9091D6C31FD00640B5B /* RNValidator.swift */ = {isa = PBXFileReference; fileEncoding = 4; lastKnownFileType = sourcecode.swift; path = RNValidator.swift; sourceTree = "<group>"; };
		54BCD90D1D6C3FE900640B5B /* RNConstraintLength.swift */ = {isa = PBXFileReference; fileEncoding = 4; lastKnownFileType = sourcecode.swift; path = RNConstraintLength.swift; sourceTree = "<group>"; };
		54BCD9131D6C798700640B5B /* RNConstraintNumeric.swift */ = {isa = PBXFileReference; fileEncoding = 4; lastKnownFileType = sourcecode.swift; path = RNConstraintNumeric.swift; sourceTree = "<group>"; };
		54BCD9221D6C95FD00640B5B /* RNConstraintAlphabet.swift */ = {isa = PBXFileReference; fileEncoding = 4; lastKnownFileType = sourcecode.swift; path = RNConstraintAlphabet.swift; sourceTree = "<group>"; };
		54F0CA281D6DE3D3001A5945 /* RNConstraintRegex.swift */ = {isa = PBXFileReference; fileEncoding = 4; lastKnownFileType = sourcecode.swift; path = RNConstraintRegex.swift; sourceTree = "<group>"; };
		54F0CA2C1D6DE5B6001A5945 /* Regex.swift */ = {isa = PBXFileReference; fileEncoding = 4; lastKnownFileType = sourcecode.swift; path = Regex.swift; sourceTree = "<group>"; };
		54F0CA301D6E05D2001A5945 /* RNConstraintLengthTests.swift */ = {isa = PBXFileReference; fileEncoding = 4; lastKnownFileType = sourcecode.swift; path = RNConstraintLengthTests.swift; sourceTree = "<group>"; };
/* End PBXFileReference section */

/* Begin PBXFrameworksBuildPhase section */
		54BCD8CD1D6C309300640B5B /* Frameworks */ = {
			isa = PBXFrameworksBuildPhase;
			buildActionMask = 2147483647;
			files = (
			);
			runOnlyForDeploymentPostprocessing = 0;
		};
		54BCD8D81D6C309300640B5B /* Frameworks */ = {
			isa = PBXFrameworksBuildPhase;
			buildActionMask = 2147483647;
			files = (
				54BCD8DC1D6C309300640B5B /* RNMoVali.framework in Frameworks */,
			);
			runOnlyForDeploymentPostprocessing = 0;
		};
/* End PBXFrameworksBuildPhase section */

/* Begin PBXGroup section */
		2F5182D91D6E785000BCC439 /* Utilities */ = {
			isa = PBXGroup;
			children = (
				2F7CF3041D6E789E000823CF /* RegexTests.swift */,
			);
			name = Utilities;
			sourceTree = "<group>";
		};
		541EDF991D6F3B0A005EC311 /* Core */ = {
			isa = PBXGroup;
			children = (
				541EDF9A1D6F3B4D005EC311 /* Constraint */,
				541EDF9B1D6F3B56005EC311 /* Validation */,
			);
			name = Core;
			sourceTree = "<group>";
		};
		541EDF9A1D6F3B4D005EC311 /* Constraint */ = {
			isa = PBXGroup;
			children = (
				541EDF9C1D6F3B9F005EC311 /* RNConstraint.swift */,
			);
			name = Constraint;
			sourceTree = "<group>";
		};
		541EDF9B1D6F3B56005EC311 /* Validation */ = {
			isa = PBXGroup;
			children = (
				54BCD9091D6C31FD00640B5B /* RNValidator.swift */,
			);
			name = Validation;
			sourceTree = "<group>";
		};
		541EDF9F1D6F4071005EC311 /* Constraint */ = {
			isa = PBXGroup;
			children = (
				2F0422991D6ED2FA001EEE76 /* RNFieldConstraintsTests.swift */,
			);
			name = Constraint;
			sourceTree = "<group>";
		};
		541EDFA01D6F4079005EC311 /* Validation */ = {
			isa = PBXGroup;
			children = (
				54BCD8E01D6C309300640B5B /* RNMoValiTests.swift */,
			);
			name = Validation;
			sourceTree = "<group>";
		};
		541EDFA11D6F4084005EC311 /* Core */ = {
			isa = PBXGroup;
			children = (
				541EDF9F1D6F4071005EC311 /* Constraint */,
				541EDFA01D6F4079005EC311 /* Validation */,
			);
			name = Core;
			sourceTree = "<group>";
		};
		54AAC2191D6F65F400DB82BB /* Pod */ = {
			isa = PBXGroup;
			children = (
				54AAC21A1D6F660500DB82BB /* RNMoVali.podspec */,
			);
			name = Pod;
			sourceTree = "<group>";
		};
		54BCD8C71D6C309300640B5B = {
			isa = PBXGroup;
			children = (
				54BCD8D31D6C309300640B5B /* RNMoVali */,
				54BCD8DF1D6C309300640B5B /* RNMoValiTests */,
				54BCD8D21D6C309300640B5B /* Products */,
			);
			sourceTree = "<group>";
		};
		54BCD8D21D6C309300640B5B /* Products */ = {
			isa = PBXGroup;
			children = (
				54BCD8D11D6C309300640B5B /* RNMoVali.framework */,
				54BCD8DB1D6C309300640B5B /* RNMoValiTests.xctest */,
			);
			name = Products;
			sourceTree = "<group>";
		};
		54BCD8D31D6C309300640B5B /* RNMoVali */ = {
			isa = PBXGroup;
			children = (
				54AAC2191D6F65F400DB82BB /* Pod */,
				54F0CA2B1D6DE5A9001A5945 /* Utilities */,
				54BCD90C1D6C3FB600640B5B /* Constraints */,
				541EDF991D6F3B0A005EC311 /* Core */,
				54BCD8D41D6C309300640B5B /* RNMoVali.h */,
				54BCD8D61D6C309300640B5B /* Info.plist */,
			);
			path = RNMoVali;
			sourceTree = "<group>";
		};
		54BCD8DF1D6C309300640B5B /* RNMoValiTests */ = {
			isa = PBXGroup;
			children = (
				2F5182D91D6E785000BCC439 /* Utilities */,
				54F0CA2F1D6E05A9001A5945 /* Constraints */,
				541EDFA11D6F4084005EC311 /* Core */,
				54BCD8E21D6C309300640B5B /* Info.plist */,
			);
			path = RNMoValiTests;
			sourceTree = "<group>";
		};
		54BCD90C1D6C3FB600640B5B /* Constraints */ = {
			isa = PBXGroup;
			children = (
				54BCD90D1D6C3FE900640B5B /* RNConstraintLength.swift */,
				54BCD9131D6C798700640B5B /* RNConstraintNumeric.swift */,
				54BCD9221D6C95FD00640B5B /* RNConstraintAlphabet.swift */,
				2F3A4B6C1D6DA2C600337B34 /* RNConstraintRequired.swift */,
				54F0CA281D6DE3D3001A5945 /* RNConstraintRegex.swift */,
				541EDFA21D6F48AC005EC311 /* RNConstrainRange.swift */,
			);
			name = Constraints;
			sourceTree = "<group>";
		};
		54F0CA2B1D6DE5A9001A5945 /* Utilities */ = {
			isa = PBXGroup;
			children = (
				54F0CA2C1D6DE5B6001A5945 /* Regex.swift */,
			);
			name = Utilities;
			sourceTree = "<group>";
		};
		54F0CA2F1D6E05A9001A5945 /* Constraints */ = {
			isa = PBXGroup;
			children = (
				54F0CA301D6E05D2001A5945 /* RNConstraintLengthTests.swift */,
			);
			name = Constraints;
			sourceTree = "<group>";
		};
/* End PBXGroup section */

/* Begin PBXHeadersBuildPhase section */
		54BCD8CE1D6C309300640B5B /* Headers */ = {
			isa = PBXHeadersBuildPhase;
			buildActionMask = 2147483647;
			files = (
				54BCD8D51D6C309300640B5B /* RNMoVali.h in Headers */,
			);
			runOnlyForDeploymentPostprocessing = 0;
		};
/* End PBXHeadersBuildPhase section */

/* Begin PBXNativeTarget section */
		54BCD8D01D6C309300640B5B /* RNMoVali */ = {
			isa = PBXNativeTarget;
			buildConfigurationList = 54BCD8E51D6C309300640B5B /* Build configuration list for PBXNativeTarget "RNMoVali" */;
			buildPhases = (
				54BCD8CC1D6C309300640B5B /* Sources */,
				54BCD8CD1D6C309300640B5B /* Frameworks */,
				54BCD8CE1D6C309300640B5B /* Headers */,
				54BCD8CF1D6C309300640B5B /* Resources */,
			);
			buildRules = (
			);
			dependencies = (
			);
			name = RNMoVali;
			productName = RNMoVali;
			productReference = 54BCD8D11D6C309300640B5B /* RNMoVali.framework */;
			productType = "com.apple.product-type.framework";
		};
		54BCD8DA1D6C309300640B5B /* RNMoValiTests */ = {
			isa = PBXNativeTarget;
			buildConfigurationList = 54BCD8E81D6C309300640B5B /* Build configuration list for PBXNativeTarget "RNMoValiTests" */;
			buildPhases = (
				54BCD8D71D6C309300640B5B /* Sources */,
				54BCD8D81D6C309300640B5B /* Frameworks */,
				54BCD8D91D6C309300640B5B /* Resources */,
			);
			buildRules = (
			);
			dependencies = (
				54BCD8DE1D6C309300640B5B /* PBXTargetDependency */,
			);
			name = RNMoValiTests;
			productName = RNMoValiTests;
			productReference = 54BCD8DB1D6C309300640B5B /* RNMoValiTests.xctest */;
			productType = "com.apple.product-type.bundle.unit-test";
		};
/* End PBXNativeTarget section */

/* Begin PBXProject section */
		54BCD8C81D6C309300640B5B /* Project object */ = {
			isa = PBXProject;
			attributes = {
				LastSwiftUpdateCheck = 0730;
				LastUpgradeCheck = 0730;
				ORGANIZATIONNAME = mothule;
				TargetAttributes = {
					54BCD8D01D6C309300640B5B = {
						CreatedOnToolsVersion = 7.3.1;
					};
					54BCD8DA1D6C309300640B5B = {
						CreatedOnToolsVersion = 7.3.1;
					};
				};
			};
			buildConfigurationList = 54BCD8CB1D6C309300640B5B /* Build configuration list for PBXProject "RNMoVali" */;
			compatibilityVersion = "Xcode 3.2";
			developmentRegion = English;
			hasScannedForEncodings = 0;
			knownRegions = (
				en,
			);
			mainGroup = 54BCD8C71D6C309300640B5B;
			productRefGroup = 54BCD8D21D6C309300640B5B /* Products */;
			projectDirPath = "";
			projectRoot = "";
			targets = (
				54BCD8D01D6C309300640B5B /* RNMoVali */,
				54BCD8DA1D6C309300640B5B /* RNMoValiTests */,
			);
		};
/* End PBXProject section */

/* Begin PBXResourcesBuildPhase section */
		54BCD8CF1D6C309300640B5B /* Resources */ = {
			isa = PBXResourcesBuildPhase;
			buildActionMask = 2147483647;
			files = (
			);
			runOnlyForDeploymentPostprocessing = 0;
		};
		54BCD8D91D6C309300640B5B /* Resources */ = {
			isa = PBXResourcesBuildPhase;
			buildActionMask = 2147483647;
			files = (
			);
			runOnlyForDeploymentPostprocessing = 0;
		};
/* End PBXResourcesBuildPhase section */

/* Begin PBXSourcesBuildPhase section */
		54BCD8CC1D6C309300640B5B /* Sources */ = {
			isa = PBXSourcesBuildPhase;
			buildActionMask = 2147483647;
			files = (
				54F0CA2D1D6DE5B6001A5945 /* Regex.swift in Sources */,
				541EDF9D1D6F3B9F005EC311 /* RNConstraint.swift in Sources */,
				54BCD90E1D6C3FE900640B5B /* RNConstraintLength.swift in Sources */,
				54BCD9141D6C798700640B5B /* RNConstraintNumeric.swift in Sources */,
				54F0CA291D6DE3D3001A5945 /* RNConstraintRegex.swift in Sources */,
				54BCD9231D6C95FD00640B5B /* RNConstraintAlphabet.swift in Sources */,
				2F3A4B6D1D6DA2C600337B34 /* RNConstraintRequired.swift in Sources */,
				54BCD90A1D6C31FD00640B5B /* RNValidator.swift in Sources */,
				541EDFA31D6F48AC005EC311 /* RNConstrainRange.swift in Sources */,
			);
			runOnlyForDeploymentPostprocessing = 0;
		};
		54BCD8D71D6C309300640B5B /* Sources */ = {
			isa = PBXSourcesBuildPhase;
			buildActionMask = 2147483647;
			files = (
				54BCD9151D6C798700640B5B /* RNConstraintNumeric.swift in Sources */,
				54BCD90B1D6C31FD00640B5B /* RNValidator.swift in Sources */,
				541EDF9E1D6F3D85005EC311 /* RNConstraint.swift in Sources */,
				54F0CA311D6E05D2001A5945 /* RNConstraintLengthTests.swift in Sources */,
				54F0CA2A1D6DE3D3001A5945 /* RNConstraintRegex.swift in Sources */,
				54F0CA2E1D6DE5B6001A5945 /* Regex.swift in Sources */,
				2F7CF3051D6E789E000823CF /* RegexTests.swift in Sources */,
				2F3A4B6E1D6DA2C600337B34 /* RNConstraintRequired.swift in Sources */,
				54BCD90F1D6C3FE900640B5B /* RNConstraintLength.swift in Sources */,
				54BCD8E11D6C309300640B5B /* RNMoValiTests.swift in Sources */,
				2F04229A1D6ED2FA001EEE76 /* RNFieldConstraintsTests.swift in Sources */,
				541EDFA41D6F48C4005EC311 /* RNConstrainRange.swift in Sources */,
			);
			runOnlyForDeploymentPostprocessing = 0;
		};
/* End PBXSourcesBuildPhase section */

/* Begin PBXTargetDependency section */
		54BCD8DE1D6C309300640B5B /* PBXTargetDependency */ = {
			isa = PBXTargetDependency;
			target = 54BCD8D01D6C309300640B5B /* RNMoVali */;
			targetProxy = 54BCD8DD1D6C309300640B5B /* PBXContainerItemProxy */;
		};
/* End PBXTargetDependency section */

/* Begin XCBuildConfiguration section */
		54BCD8E31D6C309300640B5B /* Debug */ = {
			isa = XCBuildConfiguration;
			buildSettings = {
				ALWAYS_SEARCH_USER_PATHS = NO;
				CLANG_ANALYZER_NONNULL = YES;
				CLANG_CXX_LANGUAGE_STANDARD = "gnu++0x";
				CLANG_CXX_LIBRARY = "libc++";
				CLANG_ENABLE_MODULES = YES;
				CLANG_ENABLE_OBJC_ARC = YES;
				CLANG_WARN_BOOL_CONVERSION = YES;
				CLANG_WARN_CONSTANT_CONVERSION = YES;
				CLANG_WARN_DIRECT_OBJC_ISA_USAGE = YES_ERROR;
				CLANG_WARN_EMPTY_BODY = YES;
				CLANG_WARN_ENUM_CONVERSION = YES;
				CLANG_WARN_INT_CONVERSION = YES;
				CLANG_WARN_OBJC_ROOT_CLASS = YES_ERROR;
				CLANG_WARN_UNREACHABLE_CODE = YES;
				CLANG_WARN__DUPLICATE_METHOD_MATCH = YES;
				"CODE_SIGN_IDENTITY[sdk=iphoneos*]" = "iPhone Developer";
				COPY_PHASE_STRIP = NO;
				CURRENT_PROJECT_VERSION = 1;
				DEBUG_INFORMATION_FORMAT = dwarf;
				ENABLE_STRICT_OBJC_MSGSEND = YES;
				ENABLE_TESTABILITY = YES;
				GCC_C_LANGUAGE_STANDARD = gnu99;
				GCC_DYNAMIC_NO_PIC = NO;
				GCC_NO_COMMON_BLOCKS = YES;
				GCC_OPTIMIZATION_LEVEL = 0;
				GCC_PREPROCESSOR_DEFINITIONS = (
					"DEBUG=1",
					"$(inherited)",
				);
				GCC_WARN_64_TO_32_BIT_CONVERSION = YES;
				GCC_WARN_ABOUT_RETURN_TYPE = YES_ERROR;
				GCC_WARN_UNDECLARED_SELECTOR = YES;
				GCC_WARN_UNINITIALIZED_AUTOS = YES_AGGRESSIVE;
				GCC_WARN_UNUSED_FUNCTION = YES;
				GCC_WARN_UNUSED_VARIABLE = YES;
				IPHONEOS_DEPLOYMENT_TARGET = 9.3;
				MTL_ENABLE_DEBUG_INFO = YES;
				ONLY_ACTIVE_ARCH = YES;
				SDKROOT = iphoneos;
				SWIFT_OPTIMIZATION_LEVEL = "-Onone";
				TARGETED_DEVICE_FAMILY = "1,2";
				VERSIONING_SYSTEM = "apple-generic";
				VERSION_INFO_PREFIX = "";
			};
			name = Debug;
		};
		54BCD8E41D6C309300640B5B /* Release */ = {
			isa = XCBuildConfiguration;
			buildSettings = {
				ALWAYS_SEARCH_USER_PATHS = NO;
				CLANG_ANALYZER_NONNULL = YES;
				CLANG_CXX_LANGUAGE_STANDARD = "gnu++0x";
				CLANG_CXX_LIBRARY = "libc++";
				CLANG_ENABLE_MODULES = YES;
				CLANG_ENABLE_OBJC_ARC = YES;
				CLANG_WARN_BOOL_CONVERSION = YES;
				CLANG_WARN_CONSTANT_CONVERSION = YES;
				CLANG_WARN_DIRECT_OBJC_ISA_USAGE = YES_ERROR;
				CLANG_WARN_EMPTY_BODY = YES;
				CLANG_WARN_ENUM_CONVERSION = YES;
				CLANG_WARN_INT_CONVERSION = YES;
				CLANG_WARN_OBJC_ROOT_CLASS = YES_ERROR;
				CLANG_WARN_UNREACHABLE_CODE = YES;
				CLANG_WARN__DUPLICATE_METHOD_MATCH = YES;
				"CODE_SIGN_IDENTITY[sdk=iphoneos*]" = "iPhone Developer";
				COPY_PHASE_STRIP = NO;
				CURRENT_PROJECT_VERSION = 1;
				DEBUG_INFORMATION_FORMAT = "dwarf-with-dsym";
				ENABLE_NS_ASSERTIONS = NO;
				ENABLE_STRICT_OBJC_MSGSEND = YES;
				GCC_C_LANGUAGE_STANDARD = gnu99;
				GCC_NO_COMMON_BLOCKS = YES;
				GCC_WARN_64_TO_32_BIT_CONVERSION = YES;
				GCC_WARN_ABOUT_RETURN_TYPE = YES_ERROR;
				GCC_WARN_UNDECLARED_SELECTOR = YES;
				GCC_WARN_UNINITIALIZED_AUTOS = YES_AGGRESSIVE;
				GCC_WARN_UNUSED_FUNCTION = YES;
				GCC_WARN_UNUSED_VARIABLE = YES;
				IPHONEOS_DEPLOYMENT_TARGET = 9.3;
				MTL_ENABLE_DEBUG_INFO = NO;
				SDKROOT = iphoneos;
				TARGETED_DEVICE_FAMILY = "1,2";
				VALIDATE_PRODUCT = YES;
				VERSIONING_SYSTEM = "apple-generic";
				VERSION_INFO_PREFIX = "";
			};
			name = Release;
		};
		54BCD8E61D6C309300640B5B /* Debug */ = {
			isa = XCBuildConfiguration;
			buildSettings = {
				CLANG_ENABLE_MODULES = YES;
				DEFINES_MODULE = YES;
				DYLIB_COMPATIBILITY_VERSION = 1;
				DYLIB_CURRENT_VERSION = 1;
				DYLIB_INSTALL_NAME_BASE = "@rpath";
				INFOPLIST_FILE = RNMoVali/Info.plist;
				INSTALL_PATH = "$(LOCAL_LIBRARY_DIR)/Frameworks";
				LD_RUNPATH_SEARCH_PATHS = "$(inherited) @executable_path/Frameworks @loader_path/Frameworks";
				ONLY_ACTIVE_ARCH = NO;
				PRODUCT_BUNDLE_IDENTIFIER = jp.mothule.RNMoVali;
				PRODUCT_NAME = "$(TARGET_NAME)";
				SKIP_INSTALL = YES;
				SWIFT_OPTIMIZATION_LEVEL = "-Onone";
				VALID_ARCHS = "arm64 armv7 armv7s x86_64 i386";
			};
			name = Debug;
		};
		54BCD8E71D6C309300640B5B /* Release */ = {
			isa = XCBuildConfiguration;
			buildSettings = {
				CLANG_ENABLE_MODULES = YES;
				DEFINES_MODULE = YES;
				DYLIB_COMPATIBILITY_VERSION = 1;
				DYLIB_CURRENT_VERSION = 1;
				DYLIB_INSTALL_NAME_BASE = "@rpath";
				INFOPLIST_FILE = RNMoVali/Info.plist;
				INSTALL_PATH = "$(LOCAL_LIBRARY_DIR)/Frameworks";
				LD_RUNPATH_SEARCH_PATHS = "$(inherited) @executable_path/Frameworks @loader_path/Frameworks";
				ONLY_ACTIVE_ARCH = NO;
				PRODUCT_BUNDLE_IDENTIFIER = jp.mothule.RNMoVali;
				PRODUCT_NAME = "$(TARGET_NAME)";
				SKIP_INSTALL = YES;
				VALID_ARCHS = "arm64 armv7 armv7s x86_64 i386";
			};
			name = Release;
		};
		54BCD8E91D6C309300640B5B /* Debug */ = {
			isa = XCBuildConfiguration;
			buildSettings = {
				INFOPLIST_FILE = RNMoValiTests/Info.plist;
				LD_RUNPATH_SEARCH_PATHS = "$(inherited) @executable_path/Frameworks @loader_path/Frameworks";
				PRODUCT_BUNDLE_IDENTIFIER = jp.mothule.RNMoValiTests;
				PRODUCT_NAME = "$(TARGET_NAME)";
			};
			name = Debug;
		};
		54BCD8EA1D6C309300640B5B /* Release */ = {
			isa = XCBuildConfiguration;
			buildSettings = {
				INFOPLIST_FILE = RNMoValiTests/Info.plist;
				LD_RUNPATH_SEARCH_PATHS = "$(inherited) @executable_path/Frameworks @loader_path/Frameworks";
				PRODUCT_BUNDLE_IDENTIFIER = jp.mothule.RNMoValiTests;
				PRODUCT_NAME = "$(TARGET_NAME)";
			};
			name = Release;
		};
/* End XCBuildConfiguration section */

/* Begin XCConfigurationList section */
		54BCD8CB1D6C309300640B5B /* Build configuration list for PBXProject "RNMoVali" */ = {
			isa = XCConfigurationList;
			buildConfigurations = (
				54BCD8E31D6C309300640B5B /* Debug */,
				54BCD8E41D6C309300640B5B /* Release */,
			);
			defaultConfigurationIsVisible = 0;
			defaultConfigurationName = Release;
		};
		54BCD8E51D6C309300640B5B /* Build configuration list for PBXNativeTarget "RNMoVali" */ = {
			isa = XCConfigurationList;
			buildConfigurations = (
				54BCD8E61D6C309300640B5B /* Debug */,
				54BCD8E71D6C309300640B5B /* Release */,
			);
			defaultConfigurationIsVisible = 0;
			defaultConfigurationName = Release;
		};
		54BCD8E81D6C309300640B5B /* Build configuration list for PBXNativeTarget "RNMoValiTests" */ = {
			isa = XCConfigurationList;
			buildConfigurations = (
				54BCD8E91D6C309300640B5B /* Debug */,
				54BCD8EA1D6C309300640B5B /* Release */,
			);
			defaultConfigurationIsVisible = 0;
			defaultConfigurationName = Release;
		};
/* End XCConfigurationList section */
	};
	rootObject = 54BCD8C81D6C309300640B5B /* Project object */;
}
