// !$*UTF8*$!
{
	archiveVersion = 1;
	classes = {
	};
	objectVersion = 46;
	objects = {

/* Begin PBXBuildFile section */
		541EDFBD1D6F4E22005EC311 /* Info.plist in Resources */ = {isa = PBXBuildFile; fileRef = 541EDFB21D6F4E22005EC311 /* Info.plist */; };
		541EDFBE1D6F4E22005EC311 /* Regex.swift in Sources */ = {isa = PBXBuildFile; fileRef = 541EDFB31D6F4E22005EC311 /* Regex.swift */; };
		541EDFBF1D6F4E22005EC311 /* RNConstrainRange.swift in Sources */ = {isa = PBXBuildFile; fileRef = 541EDFB41D6F4E22005EC311 /* RNConstrainRange.swift */; };
		541EDFC01D6F4E22005EC311 /* RNConstraint.swift in Sources */ = {isa = PBXBuildFile; fileRef = 541EDFB51D6F4E22005EC311 /* RNConstraint.swift */; };
		541EDFC11D6F4E22005EC311 /* RNConstraintAlphabet.swift in Sources */ = {isa = PBXBuildFile; fileRef = 541EDFB61D6F4E22005EC311 /* RNConstraintAlphabet.swift */; };
		541EDFC21D6F4E22005EC311 /* RNConstraintLength.swift in Sources */ = {isa = PBXBuildFile; fileRef = 541EDFB71D6F4E22005EC311 /* RNConstraintLength.swift */; };
		541EDFC31D6F4E22005EC311 /* RNConstraintNumeric.swift in Sources */ = {isa = PBXBuildFile; fileRef = 541EDFB81D6F4E22005EC311 /* RNConstraintNumeric.swift */; };
		541EDFC41D6F4E22005EC311 /* RNConstraintRegex.swift in Sources */ = {isa = PBXBuildFile; fileRef = 541EDFB91D6F4E22005EC311 /* RNConstraintRegex.swift */; };
		541EDFC51D6F4E22005EC311 /* RNConstraintRequired.swift in Sources */ = {isa = PBXBuildFile; fileRef = 541EDFBA1D6F4E22005EC311 /* RNConstraintRequired.swift */; };
		541EDFC61D6F4E22005EC311 /* RNValidator.swift in Sources */ = {isa = PBXBuildFile; fileRef = 541EDFBC1D6F4E22005EC311 /* RNValidator.swift */; };
		54BCD8F81D6C30EA00640B5B /* AppDelegate.swift in Sources */ = {isa = PBXBuildFile; fileRef = 54BCD8F71D6C30EA00640B5B /* AppDelegate.swift */; };
		54BCD8FA1D6C30EA00640B5B /* ViewController.swift in Sources */ = {isa = PBXBuildFile; fileRef = 54BCD8F91D6C30EA00640B5B /* ViewController.swift */; };
		54BCD8FD1D6C30EA00640B5B /* Main.storyboard in Resources */ = {isa = PBXBuildFile; fileRef = 54BCD8FB1D6C30EA00640B5B /* Main.storyboard */; };
		54BCD8FF1D6C30EA00640B5B /* Assets.xcassets in Resources */ = {isa = PBXBuildFile; fileRef = 54BCD8FE1D6C30EA00640B5B /* Assets.xcassets */; };
		54BCD9021D6C30EA00640B5B /* LaunchScreen.storyboard in Resources */ = {isa = PBXBuildFile; fileRef = 54BCD9001D6C30EA00640B5B /* LaunchScreen.storyboard */; };
/* End PBXBuildFile section */

/* Begin PBXFileReference section */
		541EDFB21D6F4E22005EC311 /* Info.plist */ = {isa = PBXFileReference; fileEncoding = 4; lastKnownFileType = text.plist.xml; path = Info.plist; sourceTree = "<group>"; };
		541EDFB31D6F4E22005EC311 /* Regex.swift */ = {isa = PBXFileReference; fileEncoding = 4; lastKnownFileType = sourcecode.swift; path = Regex.swift; sourceTree = "<group>"; };
		541EDFB41D6F4E22005EC311 /* RNConstrainRange.swift */ = {isa = PBXFileReference; fileEncoding = 4; lastKnownFileType = sourcecode.swift; path = RNConstrainRange.swift; sourceTree = "<group>"; };
		541EDFB51D6F4E22005EC311 /* RNConstraint.swift */ = {isa = PBXFileReference; fileEncoding = 4; lastKnownFileType = sourcecode.swift; path = RNConstraint.swift; sourceTree = "<group>"; };
		541EDFB61D6F4E22005EC311 /* RNConstraintAlphabet.swift */ = {isa = PBXFileReference; fileEncoding = 4; lastKnownFileType = sourcecode.swift; path = RNConstraintAlphabet.swift; sourceTree = "<group>"; };
		541EDFB71D6F4E22005EC311 /* RNConstraintLength.swift */ = {isa = PBXFileReference; fileEncoding = 4; lastKnownFileType = sourcecode.swift; path = RNConstraintLength.swift; sourceTree = "<group>"; };
		541EDFB81D6F4E22005EC311 /* RNConstraintNumeric.swift */ = {isa = PBXFileReference; fileEncoding = 4; lastKnownFileType = sourcecode.swift; path = RNConstraintNumeric.swift; sourceTree = "<group>"; };
		541EDFB91D6F4E22005EC311 /* RNConstraintRegex.swift */ = {isa = PBXFileReference; fileEncoding = 4; lastKnownFileType = sourcecode.swift; path = RNConstraintRegex.swift; sourceTree = "<group>"; };
		541EDFBA1D6F4E22005EC311 /* RNConstraintRequired.swift */ = {isa = PBXFileReference; fileEncoding = 4; lastKnownFileType = sourcecode.swift; path = RNConstraintRequired.swift; sourceTree = "<group>"; };
		541EDFBB1D6F4E22005EC311 /* RNMoVali.h */ = {isa = PBXFileReference; fileEncoding = 4; lastKnownFileType = sourcecode.c.h; path = RNMoVali.h; sourceTree = "<group>"; };
		541EDFBC1D6F4E22005EC311 /* RNValidator.swift */ = {isa = PBXFileReference; fileEncoding = 4; lastKnownFileType = sourcecode.swift; path = RNValidator.swift; sourceTree = "<group>"; };
		54BCD8F41D6C30EA00640B5B /* Demo.app */ = {isa = PBXFileReference; explicitFileType = wrapper.application; includeInIndex = 0; path = Demo.app; sourceTree = BUILT_PRODUCTS_DIR; };
		54BCD8F71D6C30EA00640B5B /* AppDelegate.swift */ = {isa = PBXFileReference; lastKnownFileType = sourcecode.swift; path = AppDelegate.swift; sourceTree = "<group>"; };
		54BCD8F91D6C30EA00640B5B /* ViewController.swift */ = {isa = PBXFileReference; lastKnownFileType = sourcecode.swift; path = ViewController.swift; sourceTree = "<group>"; };
		54BCD8FC1D6C30EA00640B5B /* Base */ = {isa = PBXFileReference; lastKnownFileType = file.storyboard; name = Base; path = Base.lproj/Main.storyboard; sourceTree = "<group>"; };
		54BCD8FE1D6C30EA00640B5B /* Assets.xcassets */ = {isa = PBXFileReference; lastKnownFileType = folder.assetcatalog; path = Assets.xcassets; sourceTree = "<group>"; };
		54BCD9011D6C30EA00640B5B /* Base */ = {isa = PBXFileReference; lastKnownFileType = file.storyboard; name = Base; path = Base.lproj/LaunchScreen.storyboard; sourceTree = "<group>"; };
		54BCD9031D6C30EA00640B5B /* Info.plist */ = {isa = PBXFileReference; lastKnownFileType = text.plist.xml; path = Info.plist; sourceTree = "<group>"; };
/* End PBXFileReference section */

/* Begin PBXFrameworksBuildPhase section */
		54BCD8F11D6C30EA00640B5B /* Frameworks */ = {
			isa = PBXFrameworksBuildPhase;
			buildActionMask = 2147483647;
			files = (
			);
			runOnlyForDeploymentPostprocessing = 0;
		};
/* End PBXFrameworksBuildPhase section */

/* Begin PBXGroup section */
		541EDFB11D6F4E22005EC311 /* RNMoVali */ = {
			isa = PBXGroup;
			children = (
				541EDFB21D6F4E22005EC311 /* Info.plist */,
				541EDFB31D6F4E22005EC311 /* Regex.swift */,
				541EDFB41D6F4E22005EC311 /* RNConstrainRange.swift */,
				541EDFB51D6F4E22005EC311 /* RNConstraint.swift */,
				541EDFB61D6F4E22005EC311 /* RNConstraintAlphabet.swift */,
				541EDFB71D6F4E22005EC311 /* RNConstraintLength.swift */,
				541EDFB81D6F4E22005EC311 /* RNConstraintNumeric.swift */,
				541EDFB91D6F4E22005EC311 /* RNConstraintRegex.swift */,
				541EDFBA1D6F4E22005EC311 /* RNConstraintRequired.swift */,
				541EDFBB1D6F4E22005EC311 /* RNMoVali.h */,
				541EDFBC1D6F4E22005EC311 /* RNValidator.swift */,
			);
			name = RNMoVali;
			path = ../RNMoVali;
			sourceTree = "<group>";
		};
		54BCD8EB1D6C30EA00640B5B = {
			isa = PBXGroup;
			children = (
				541EDFB11D6F4E22005EC311 /* RNMoVali */,
				54BCD8F61D6C30EA00640B5B /* Demo */,
				54BCD8F51D6C30EA00640B5B /* Products */,
			);
			sourceTree = "<group>";
		};
		54BCD8F51D6C30EA00640B5B /* Products */ = {
			isa = PBXGroup;
			children = (
				54BCD8F41D6C30EA00640B5B /* Demo.app */,
			);
			name = Products;
			sourceTree = "<group>";
		};
		54BCD8F61D6C30EA00640B5B /* Demo */ = {
			isa = PBXGroup;
			children = (
				54BCD8F71D6C30EA00640B5B /* AppDelegate.swift */,
				54BCD8F91D6C30EA00640B5B /* ViewController.swift */,
				54BCD8FB1D6C30EA00640B5B /* Main.storyboard */,
				54BCD8FE1D6C30EA00640B5B /* Assets.xcassets */,
				54BCD9001D6C30EA00640B5B /* LaunchScreen.storyboard */,
				54BCD9031D6C30EA00640B5B /* Info.plist */,
			);
			path = Demo;
			sourceTree = "<group>";
		};
/* End PBXGroup section */

/* Begin PBXNativeTarget section */
		54BCD8F31D6C30EA00640B5B /* Demo */ = {
			isa = PBXNativeTarget;
			buildConfigurationList = 54BCD9061D6C30EA00640B5B /* Build configuration list for PBXNativeTarget "Demo" */;
			buildPhases = (
				54BCD8F01D6C30EA00640B5B /* Sources */,
				54BCD8F11D6C30EA00640B5B /* Frameworks */,
				54BCD8F21D6C30EA00640B5B /* Resources */,
			);
			buildRules = (
			);
			dependencies = (
			);
			name = Demo;
			productName = Demo;
			productReference = 54BCD8F41D6C30EA00640B5B /* Demo.app */;
			productType = "com.apple.product-type.application";
		};
/* End PBXNativeTarget section */

/* Begin PBXProject section */
		54BCD8EC1D6C30EA00640B5B /* Project object */ = {
			isa = PBXProject;
			attributes = {
				LastSwiftUpdateCheck = 0730;
				LastUpgradeCheck = 0730;
				ORGANIZATIONNAME = mothule;
				TargetAttributes = {
					54BCD8F31D6C30EA00640B5B = {
						CreatedOnToolsVersion = 7.3.1;
					};
				};
			};
			buildConfigurationList = 54BCD8EF1D6C30EA00640B5B /* Build configuration list for PBXProject "Demo" */;
			compatibilityVersion = "Xcode 3.2";
			developmentRegion = English;
			hasScannedForEncodings = 0;
			knownRegions = (
				en,
				Base,
			);
			mainGroup = 54BCD8EB1D6C30EA00640B5B;
			productRefGroup = 54BCD8F51D6C30EA00640B5B /* Products */;
			projectDirPath = "";
			projectRoot = "";
			targets = (
				54BCD8F31D6C30EA00640B5B /* Demo */,
			);
		};
/* End PBXProject section */

/* Begin PBXResourcesBuildPhase section */
		54BCD8F21D6C30EA00640B5B /* Resources */ = {
			isa = PBXResourcesBuildPhase;
			buildActionMask = 2147483647;
			files = (
				541EDFBD1D6F4E22005EC311 /* Info.plist in Resources */,
				54BCD9021D6C30EA00640B5B /* LaunchScreen.storyboard in Resources */,
				54BCD8FF1D6C30EA00640B5B /* Assets.xcassets in Resources */,
				54BCD8FD1D6C30EA00640B5B /* Main.storyboard in Resources */,
			);
			runOnlyForDeploymentPostprocessing = 0;
		};
/* End PBXResourcesBuildPhase section */

/* Begin PBXSourcesBuildPhase section */
		54BCD8F01D6C30EA00640B5B /* Sources */ = {
			isa = PBXSourcesBuildPhase;
			buildActionMask = 2147483647;
			files = (
				54BCD8FA1D6C30EA00640B5B /* ViewController.swift in Sources */,
				541EDFC61D6F4E22005EC311 /* RNValidator.swift in Sources */,
				54BCD8F81D6C30EA00640B5B /* AppDelegate.swift in Sources */,
				541EDFC41D6F4E22005EC311 /* RNConstraintRegex.swift in Sources */,
				541EDFBE1D6F4E22005EC311 /* Regex.swift in Sources */,
				541EDFC11D6F4E22005EC311 /* RNConstraintAlphabet.swift in Sources */,
				541EDFC31D6F4E22005EC311 /* RNConstraintNumeric.swift in Sources */,
				541EDFC21D6F4E22005EC311 /* RNConstraintLength.swift in Sources */,
				541EDFC51D6F4E22005EC311 /* RNConstraintRequired.swift in Sources */,
				541EDFC01D6F4E22005EC311 /* RNConstraint.swift in Sources */,
				541EDFBF1D6F4E22005EC311 /* RNConstrainRange.swift in Sources */,
			);
			runOnlyForDeploymentPostprocessing = 0;
		};
/* End PBXSourcesBuildPhase section */

/* Begin PBXVariantGroup section */
		54BCD8FB1D6C30EA00640B5B /* Main.storyboard */ = {
			isa = PBXVariantGroup;
			children = (
				54BCD8FC1D6C30EA00640B5B /* Base */,
			);
			name = Main.storyboard;
			sourceTree = "<group>";
		};
		54BCD9001D6C30EA00640B5B /* LaunchScreen.storyboard */ = {
			isa = PBXVariantGroup;
			children = (
				54BCD9011D6C30EA00640B5B /* Base */,
			);
			name = LaunchScreen.storyboard;
			sourceTree = "<group>";
		};
/* End PBXVariantGroup section */

/* Begin XCBuildConfiguration section */
		54BCD9041D6C30EA00640B5B /* Debug */ = {
			isa = XCBuildConfiguration;
			buildSettings = {
				ALWAYS_SEARCH_USER_PATHS = NO;
				CLANG_ANALYZER_NONNULL = YES;
				CLANG_CXX_LANGUAGE_STANDARD = "gnu++0x";
				CLANG_CXX_LIBRARY = "libc++";
				CLANG_ENABLE_MODULES = YES;
				CLANG_ENABLE_OBJC_ARC = YES;
				CLANG_WARN_BOOL_CONVERSION = YES;
				CLANG_WARN_CONSTANT_CONVERSION = YES;
				CLANG_WARN_DIRECT_OBJC_ISA_USAGE = YES_ERROR;
				CLANG_WARN_EMPTY_BODY = YES;
				CLANG_WARN_ENUM_CONVERSION = YES;
				CLANG_WARN_INT_CONVERSION = YES;
				CLANG_WARN_OBJC_ROOT_CLASS = YES_ERROR;
				CLANG_WARN_UNREACHABLE_CODE = YES;
				CLANG_WARN__DUPLICATE_METHOD_MATCH = YES;
				"CODE_SIGN_IDENTITY[sdk=iphoneos*]" = "iPhone Developer";
				COPY_PHASE_STRIP = NO;
				DEBUG_INFORMATION_FORMAT = dwarf;
				ENABLE_STRICT_OBJC_MSGSEND = YES;
				ENABLE_TESTABILITY = YES;
				GCC_C_LANGUAGE_STANDARD = gnu99;
				GCC_DYNAMIC_NO_PIC = NO;
				GCC_NO_COMMON_BLOCKS = YES;
				GCC_OPTIMIZATION_LEVEL = 0;
				GCC_PREPROCESSOR_DEFINITIONS = (
					"DEBUG=1",
					"$(inherited)",
				);
				GCC_WARN_64_TO_32_BIT_CONVERSION = YES;
				GCC_WARN_ABOUT_RETURN_TYPE = YES_ERROR;
				GCC_WARN_UNDECLARED_SELECTOR = YES;
				GCC_WARN_UNINITIALIZED_AUTOS = YES_AGGRESSIVE;
				GCC_WARN_UNUSED_FUNCTION = YES;
				GCC_WARN_UNUSED_VARIABLE = YES;
				IPHONEOS_DEPLOYMENT_TARGET = 9.3;
				MTL_ENABLE_DEBUG_INFO = YES;
				ONLY_ACTIVE_ARCH = YES;
				SDKROOT = iphoneos;
				SWIFT_OPTIMIZATION_LEVEL = "-Onone";
			};
			name = Debug;
		};
		54BCD9051D6C30EA00640B5B /* Release */ = {
			isa = XCBuildConfiguration;
			buildSettings = {
				ALWAYS_SEARCH_USER_PATHS = NO;
				CLANG_ANALYZER_NONNULL = YES;
				CLANG_CXX_LANGUAGE_STANDARD = "gnu++0x";
				CLANG_CXX_LIBRARY = "libc++";
				CLANG_ENABLE_MODULES = YES;
				CLANG_ENABLE_OBJC_ARC = YES;
				CLANG_WARN_BOOL_CONVERSION = YES;
				CLANG_WARN_CONSTANT_CONVERSION = YES;
				CLANG_WARN_DIRECT_OBJC_ISA_USAGE = YES_ERROR;
				CLANG_WARN_EMPTY_BODY = YES;
				CLANG_WARN_ENUM_CONVERSION = YES;
				CLANG_WARN_INT_CONVERSION = YES;
				CLANG_WARN_OBJC_ROOT_CLASS = YES_ERROR;
				CLANG_WARN_UNREACHABLE_CODE = YES;
				CLANG_WARN__DUPLICATE_METHOD_MATCH = YES;
				"CODE_SIGN_IDENTITY[sdk=iphoneos*]" = "iPhone Developer";
				COPY_PHASE_STRIP = NO;
				DEBUG_INFORMATION_FORMAT = "dwarf-with-dsym";
				ENABLE_NS_ASSERTIONS = NO;
				ENABLE_STRICT_OBJC_MSGSEND = YES;
				GCC_C_LANGUAGE_STANDARD = gnu99;
				GCC_NO_COMMON_BLOCKS = YES;
				GCC_WARN_64_TO_32_BIT_CONVERSION = YES;
				GCC_WARN_ABOUT_RETURN_TYPE = YES_ERROR;
				GCC_WARN_UNDECLARED_SELECTOR = YES;
				GCC_WARN_UNINITIALIZED_AUTOS = YES_AGGRESSIVE;
				GCC_WARN_UNUSED_FUNCTION = YES;
				GCC_WARN_UNUSED_VARIABLE = YES;
				IPHONEOS_DEPLOYMENT_TARGET = 9.3;
				MTL_ENABLE_DEBUG_INFO = NO;
				SDKROOT = iphoneos;
				VALIDATE_PRODUCT = YES;
			};
			name = Release;
		};
		54BCD9071D6C30EA00640B5B /* Debug */ = {
			isa = XCBuildConfiguration;
			buildSettings = {
				ASSETCATALOG_COMPILER_APPICON_NAME = AppIcon;
				INFOPLIST_FILE = Demo/Info.plist;
				LD_RUNPATH_SEARCH_PATHS = "$(inherited) @executable_path/Frameworks";
				PRODUCT_BUNDLE_IDENTIFIER = jp.mothule.Demo;
				PRODUCT_NAME = "$(TARGET_NAME)";
			};
			name = Debug;
		};
		54BCD9081D6C30EA00640B5B /* Release */ = {
			isa = XCBuildConfiguration;
			buildSettings = {
				ASSETCATALOG_COMPILER_APPICON_NAME = AppIcon;
				INFOPLIST_FILE = Demo/Info.plist;
				LD_RUNPATH_SEARCH_PATHS = "$(inherited) @executable_path/Frameworks";
				PRODUCT_BUNDLE_IDENTIFIER = jp.mothule.Demo;
				PRODUCT_NAME = "$(TARGET_NAME)";
			};
			name = Release;
		};
/* End XCBuildConfiguration section */

/* Begin XCConfigurationList section */
		54BCD8EF1D6C30EA00640B5B /* Build configuration list for PBXProject "Demo" */ = {
			isa = XCConfigurationList;
			buildConfigurations = (
				54BCD9041D6C30EA00640B5B /* Debug */,
				54BCD9051D6C30EA00640B5B /* Release */,
			);
			defaultConfigurationIsVisible = 0;
			defaultConfigurationName = Release;
		};
		54BCD9061D6C30EA00640B5B /* Build configuration list for PBXNativeTarget "Demo" */ = {
			isa = XCConfigurationList;
			buildConfigurations = (
				54BCD9071D6C30EA00640B5B /* Debug */,
				54BCD9081D6C30EA00640B5B /* Release */,
			);
			defaultConfigurationIsVisible = 0;
			defaultConfigurationName = Release;
		};
/* End XCConfigurationList section */
	};
	rootObject = 54BCD8EC1D6C30EA00640B5B /* Project object */;
}
